// !$*UTF8*$!
{
	archiveVersion = 1;
	classes = {
	};
	objectVersion = 50;
	objects = {

/* Begin PBXBuildFile section */
		01603A18587D51674E3FCF57 /* Pods_crepuscular.framework in Frameworks */ = {isa = PBXBuildFile; fileRef = 5C9859BFFBD9827438C01F79 /* Pods_crepuscular.framework */; };
		696C8C48DD074AE6034E29F8 /* Pods_crepuscularTests.framework in Frameworks */ = {isa = PBXBuildFile; fileRef = 350ABEA88F1AD88A66DD3060 /* Pods_crepuscularTests.framework */; };
		6AD56BC2214B9DBD005EE03E /* AppDelegate.swift in Sources */ = {isa = PBXBuildFile; fileRef = 6AD56BC1214B9DBD005EE03E /* AppDelegate.swift */; };
		6AD56BC7214B9DBD005EE03E /* Main.storyboard in Resources */ = {isa = PBXBuildFile; fileRef = 6AD56BC5214B9DBD005EE03E /* Main.storyboard */; };
		6AD56BC9214B9DBF005EE03E /* Assets.xcassets in Resources */ = {isa = PBXBuildFile; fileRef = 6AD56BC8214B9DBF005EE03E /* Assets.xcassets */; };
		6AD56BCC214B9DBF005EE03E /* LaunchScreen.storyboard in Resources */ = {isa = PBXBuildFile; fileRef = 6AD56BCA214B9DBF005EE03E /* LaunchScreen.storyboard */; };
		6AD56BD7214B9DBF005EE03E /* crepuscularTests.swift in Sources */ = {isa = PBXBuildFile; fileRef = 6AD56BD6214B9DBF005EE03E /* crepuscularTests.swift */; };
		6AD56BE2214B9DBF005EE03E /* crepuscularUITests.swift in Sources */ = {isa = PBXBuildFile; fileRef = 6AD56BE1214B9DBF005EE03E /* crepuscularUITests.swift */; };
		6AD56BF0214BA3C0005EE03E /* GoogleService-Info.plist in Resources */ = {isa = PBXBuildFile; fileRef = 6AD56BEF214BA3BF005EE03E /* GoogleService-Info.plist */; };
		6AD56BF2214BB117005EE03E /* signInViewController.swift in Sources */ = {isa = PBXBuildFile; fileRef = 6AD56BF1214BB117005EE03E /* signInViewController.swift */; };
		6AD56BF4214BD434005EE03E /* setTimeViewController.swift in Sources */ = {isa = PBXBuildFile; fileRef = 6AD56BF3214BD434005EE03E /* setTimeViewController.swift */; };
		C6AE565E754AEFC505D8EB5D /* Pods_crepuscularUITests.framework in Frameworks */ = {isa = PBXBuildFile; fileRef = 05E563D7DB90BEF8728F0641 /* Pods_crepuscularUITests.framework */; };
/* End PBXBuildFile section */

/* Begin PBXContainerItemProxy section */
		6AD56BD3214B9DBF005EE03E /* PBXContainerItemProxy */ = {
			isa = PBXContainerItemProxy;
			containerPortal = 6AD56BB6214B9DBD005EE03E /* Project object */;
			proxyType = 1;
			remoteGlobalIDString = 6AD56BBD214B9DBD005EE03E;
			remoteInfo = crepuscular;
		};
		6AD56BDE214B9DBF005EE03E /* PBXContainerItemProxy */ = {
			isa = PBXContainerItemProxy;
			containerPortal = 6AD56BB6214B9DBD005EE03E /* Project object */;
			proxyType = 1;
			remoteGlobalIDString = 6AD56BBD214B9DBD005EE03E;
			remoteInfo = crepuscular;
		};
/* End PBXContainerItemProxy section */

/* Begin PBXFileReference section */
		05E563D7DB90BEF8728F0641 /* Pods_crepuscularUITests.framework */ = {isa = PBXFileReference; explicitFileType = wrapper.framework; includeInIndex = 0; path = Pods_crepuscularUITests.framework; sourceTree = BUILT_PRODUCTS_DIR; };
		0F34DD99022E5BB074D4262A /* Pods-crepuscularTests.debug.xcconfig */ = {isa = PBXFileReference; includeInIndex = 1; lastKnownFileType = text.xcconfig; name = "Pods-crepuscularTests.debug.xcconfig"; path = "Pods/Target Support Files/Pods-crepuscularTests/Pods-crepuscularTests.debug.xcconfig"; sourceTree = "<group>"; };
		350ABEA88F1AD88A66DD3060 /* Pods_crepuscularTests.framework */ = {isa = PBXFileReference; explicitFileType = wrapper.framework; includeInIndex = 0; path = Pods_crepuscularTests.framework; sourceTree = BUILT_PRODUCTS_DIR; };
		5C9859BFFBD9827438C01F79 /* Pods_crepuscular.framework */ = {isa = PBXFileReference; explicitFileType = wrapper.framework; includeInIndex = 0; path = Pods_crepuscular.framework; sourceTree = BUILT_PRODUCTS_DIR; };
		6AD56BBE214B9DBD005EE03E /* crepuscular.app */ = {isa = PBXFileReference; explicitFileType = wrapper.application; includeInIndex = 0; path = crepuscular.app; sourceTree = BUILT_PRODUCTS_DIR; };
		6AD56BC1214B9DBD005EE03E /* AppDelegate.swift */ = {isa = PBXFileReference; lastKnownFileType = sourcecode.swift; path = AppDelegate.swift; sourceTree = "<group>"; };
		6AD56BC6214B9DBD005EE03E /* Base */ = {isa = PBXFileReference; lastKnownFileType = file.storyboard; name = Base; path = Base.lproj/Main.storyboard; sourceTree = "<group>"; };
		6AD56BC8214B9DBF005EE03E /* Assets.xcassets */ = {isa = PBXFileReference; lastKnownFileType = folder.assetcatalog; path = Assets.xcassets; sourceTree = "<group>"; };
		6AD56BCB214B9DBF005EE03E /* Base */ = {isa = PBXFileReference; lastKnownFileType = file.storyboard; name = Base; path = Base.lproj/LaunchScreen.storyboard; sourceTree = "<group>"; };
		6AD56BCD214B9DBF005EE03E /* Info.plist */ = {isa = PBXFileReference; lastKnownFileType = text.plist.xml; path = Info.plist; sourceTree = "<group>"; };
		6AD56BD2214B9DBF005EE03E /* crepuscularTests.xctest */ = {isa = PBXFileReference; explicitFileType = wrapper.cfbundle; includeInIndex = 0; path = crepuscularTests.xctest; sourceTree = BUILT_PRODUCTS_DIR; };
		6AD56BD6214B9DBF005EE03E /* crepuscularTests.swift */ = {isa = PBXFileReference; lastKnownFileType = sourcecode.swift; path = crepuscularTests.swift; sourceTree = "<group>"; };
		6AD56BD8214B9DBF005EE03E /* Info.plist */ = {isa = PBXFileReference; lastKnownFileType = text.plist.xml; path = Info.plist; sourceTree = "<group>"; };
		6AD56BDD214B9DBF005EE03E /* crepuscularUITests.xctest */ = {isa = PBXFileReference; explicitFileType = wrapper.cfbundle; includeInIndex = 0; path = crepuscularUITests.xctest; sourceTree = BUILT_PRODUCTS_DIR; };
		6AD56BE1214B9DBF005EE03E /* crepuscularUITests.swift */ = {isa = PBXFileReference; lastKnownFileType = sourcecode.swift; path = crepuscularUITests.swift; sourceTree = "<group>"; };
		6AD56BE3214B9DBF005EE03E /* Info.plist */ = {isa = PBXFileReference; lastKnownFileType = text.plist.xml; path = Info.plist; sourceTree = "<group>"; };
		6AD56BEF214BA3BF005EE03E /* GoogleService-Info.plist */ = {isa = PBXFileReference; fileEncoding = 4; lastKnownFileType = text.plist.xml; path = "GoogleService-Info.plist"; sourceTree = "<group>"; };
		6AD56BF1214BB117005EE03E /* signInViewController.swift */ = {isa = PBXFileReference; lastKnownFileType = sourcecode.swift; path = signInViewController.swift; sourceTree = "<group>"; };
		6AD56BF3214BD434005EE03E /* setTimeViewController.swift */ = {isa = PBXFileReference; lastKnownFileType = sourcecode.swift; path = setTimeViewController.swift; sourceTree = "<group>"; };
		A63EFCEFA82FFC97F20E8FAB /* Pods-crepuscularTests.release.xcconfig */ = {isa = PBXFileReference; includeInIndex = 1; lastKnownFileType = text.xcconfig; name = "Pods-crepuscularTests.release.xcconfig"; path = "Pods/Target Support Files/Pods-crepuscularTests/Pods-crepuscularTests.release.xcconfig"; sourceTree = "<group>"; };
		AB2BB7299AF95F38DEFEF4DD /* Pods-crepuscular.debug.xcconfig */ = {isa = PBXFileReference; includeInIndex = 1; lastKnownFileType = text.xcconfig; name = "Pods-crepuscular.debug.xcconfig"; path = "Pods/Target Support Files/Pods-crepuscular/Pods-crepuscular.debug.xcconfig"; sourceTree = "<group>"; };
		CC1700553D6C20B818D193B2 /* Pods-crepuscularUITests.release.xcconfig */ = {isa = PBXFileReference; includeInIndex = 1; lastKnownFileType = text.xcconfig; name = "Pods-crepuscularUITests.release.xcconfig"; path = "Pods/Target Support Files/Pods-crepuscularUITests/Pods-crepuscularUITests.release.xcconfig"; sourceTree = "<group>"; };
		DF63E01D4B811DF5E8E1542C /* Pods-crepuscular.release.xcconfig */ = {isa = PBXFileReference; includeInIndex = 1; lastKnownFileType = text.xcconfig; name = "Pods-crepuscular.release.xcconfig"; path = "Pods/Target Support Files/Pods-crepuscular/Pods-crepuscular.release.xcconfig"; sourceTree = "<group>"; };
		FC859EB2A2DCCA6AB68472A5 /* Pods-crepuscularUITests.debug.xcconfig */ = {isa = PBXFileReference; includeInIndex = 1; lastKnownFileType = text.xcconfig; name = "Pods-crepuscularUITests.debug.xcconfig"; path = "Pods/Target Support Files/Pods-crepuscularUITests/Pods-crepuscularUITests.debug.xcconfig"; sourceTree = "<group>"; };
/* End PBXFileReference section */

/* Begin PBXFrameworksBuildPhase section */
		6AD56BBB214B9DBD005EE03E /* Frameworks */ = {
			isa = PBXFrameworksBuildPhase;
			buildActionMask = 2147483647;
			files = (
				01603A18587D51674E3FCF57 /* Pods_crepuscular.framework in Frameworks */,
			);
			runOnlyForDeploymentPostprocessing = 0;
		};
		6AD56BCF214B9DBF005EE03E /* Frameworks */ = {
			isa = PBXFrameworksBuildPhase;
			buildActionMask = 2147483647;
			files = (
				696C8C48DD074AE6034E29F8 /* Pods_crepuscularTests.framework in Frameworks */,
			);
			runOnlyForDeploymentPostprocessing = 0;
		};
		6AD56BDA214B9DBF005EE03E /* Frameworks */ = {
			isa = PBXFrameworksBuildPhase;
			buildActionMask = 2147483647;
			files = (
				C6AE565E754AEFC505D8EB5D /* Pods_crepuscularUITests.framework in Frameworks */,
			);
			runOnlyForDeploymentPostprocessing = 0;
		};
/* End PBXFrameworksBuildPhase section */

/* Begin PBXGroup section */
		6AD56BB5214B9DBD005EE03E = {
			isa = PBXGroup;
			children = (
				6AD56BC0214B9DBD005EE03E /* crepuscular */,
				6AD56BD5214B9DBF005EE03E /* crepuscularTests */,
				6AD56BE0214B9DBF005EE03E /* crepuscularUITests */,
				6AD56BBF214B9DBD005EE03E /* Products */,
				9EC67B4BF965012ECB65142D /* Pods */,
				E63C96713BB7E8400F7FC5E1 /* Frameworks */,
			);
			sourceTree = "<group>";
		};
		6AD56BBF214B9DBD005EE03E /* Products */ = {
			isa = PBXGroup;
			children = (
				6AD56BBE214B9DBD005EE03E /* crepuscular.app */,
				6AD56BD2214B9DBF005EE03E /* crepuscularTests.xctest */,
				6AD56BDD214B9DBF005EE03E /* crepuscularUITests.xctest */,
			);
			name = Products;
			sourceTree = "<group>";
		};
		6AD56BC0214B9DBD005EE03E /* crepuscular */ = {
			isa = PBXGroup;
			children = (
				6AD56BC1214B9DBD005EE03E /* AppDelegate.swift */,
				6AD56BC5214B9DBD005EE03E /* Main.storyboard */,
				6AD56BC8214B9DBF005EE03E /* Assets.xcassets */,
				6AD56BCA214B9DBF005EE03E /* LaunchScreen.storyboard */,
				6AD56BCD214B9DBF005EE03E /* Info.plist */,
				6AD56BEF214BA3BF005EE03E /* GoogleService-Info.plist */,
				6AD56BF1214BB117005EE03E /* signInViewController.swift */,
				6AD56BF3214BD434005EE03E /* setTimeViewController.swift */,
			);
			path = crepuscular;
			sourceTree = "<group>";
		};
		6AD56BD5214B9DBF005EE03E /* crepuscularTests */ = {
			isa = PBXGroup;
			children = (
				6AD56BD6214B9DBF005EE03E /* crepuscularTests.swift */,
				6AD56BD8214B9DBF005EE03E /* Info.plist */,
			);
			path = crepuscularTests;
			sourceTree = "<group>";
		};
		6AD56BE0214B9DBF005EE03E /* crepuscularUITests */ = {
			isa = PBXGroup;
			children = (
				6AD56BE1214B9DBF005EE03E /* crepuscularUITests.swift */,
				6AD56BE3214B9DBF005EE03E /* Info.plist */,
			);
			path = crepuscularUITests;
			sourceTree = "<group>";
		};
		9EC67B4BF965012ECB65142D /* Pods */ = {
			isa = PBXGroup;
			children = (
				AB2BB7299AF95F38DEFEF4DD /* Pods-crepuscular.debug.xcconfig */,
				DF63E01D4B811DF5E8E1542C /* Pods-crepuscular.release.xcconfig */,
				0F34DD99022E5BB074D4262A /* Pods-crepuscularTests.debug.xcconfig */,
				A63EFCEFA82FFC97F20E8FAB /* Pods-crepuscularTests.release.xcconfig */,
				FC859EB2A2DCCA6AB68472A5 /* Pods-crepuscularUITests.debug.xcconfig */,
				CC1700553D6C20B818D193B2 /* Pods-crepuscularUITests.release.xcconfig */,
			);
			name = Pods;
			sourceTree = "<group>";
		};
		E63C96713BB7E8400F7FC5E1 /* Frameworks */ = {
			isa = PBXGroup;
			children = (
				5C9859BFFBD9827438C01F79 /* Pods_crepuscular.framework */,
				350ABEA88F1AD88A66DD3060 /* Pods_crepuscularTests.framework */,
				05E563D7DB90BEF8728F0641 /* Pods_crepuscularUITests.framework */,
			);
			name = Frameworks;
			sourceTree = "<group>";
		};
/* End PBXGroup section */

/* Begin PBXNativeTarget section */
		6AD56BBD214B9DBD005EE03E /* crepuscular */ = {
			isa = PBXNativeTarget;
			buildConfigurationList = 6AD56BE6214B9DBF005EE03E /* Build configuration list for PBXNativeTarget "crepuscular" */;
			buildPhases = (
				AC911AD20BD032CED9261A94 /* [CP] Check Pods Manifest.lock */,
				6AD56BBA214B9DBD005EE03E /* Sources */,
				6AD56BBB214B9DBD005EE03E /* Frameworks */,
				6AD56BBC214B9DBD005EE03E /* Resources */,
				3DD20B5915A08BA9B9E839B2 /* [CP] Embed Pods Frameworks */,
				050D90BA94CB99910E0C8A8A /* [CP] Copy Pods Resources */,
			);
			buildRules = (
			);
			dependencies = (
			);
			name = crepuscular;
			productName = crepuscular;
			productReference = 6AD56BBE214B9DBD005EE03E /* crepuscular.app */;
			productType = "com.apple.product-type.application";
		};
		6AD56BD1214B9DBF005EE03E /* crepuscularTests */ = {
			isa = PBXNativeTarget;
			buildConfigurationList = 6AD56BE9214B9DBF005EE03E /* Build configuration list for PBXNativeTarget "crepuscularTests" */;
			buildPhases = (
				E0D242925339B83C633AB94E /* [CP] Check Pods Manifest.lock */,
				6AD56BCE214B9DBF005EE03E /* Sources */,
				6AD56BCF214B9DBF005EE03E /* Frameworks */,
				6AD56BD0214B9DBF005EE03E /* Resources */,
			);
			buildRules = (
			);
			dependencies = (
				6AD56BD4214B9DBF005EE03E /* PBXTargetDependency */,
			);
			name = crepuscularTests;
			productName = crepuscularTests;
			productReference = 6AD56BD2214B9DBF005EE03E /* crepuscularTests.xctest */;
			productType = "com.apple.product-type.bundle.unit-test";
		};
		6AD56BDC214B9DBF005EE03E /* crepuscularUITests */ = {
			isa = PBXNativeTarget;
			buildConfigurationList = 6AD56BEC214B9DBF005EE03E /* Build configuration list for PBXNativeTarget "crepuscularUITests" */;
			buildPhases = (
				7695A68A577904BA11CCFCE7 /* [CP] Check Pods Manifest.lock */,
				6AD56BD9214B9DBF005EE03E /* Sources */,
				6AD56BDA214B9DBF005EE03E /* Frameworks */,
				6AD56BDB214B9DBF005EE03E /* Resources */,
			);
			buildRules = (
			);
			dependencies = (
				6AD56BDF214B9DBF005EE03E /* PBXTargetDependency */,
			);
			name = crepuscularUITests;
			productName = crepuscularUITests;
			productReference = 6AD56BDD214B9DBF005EE03E /* crepuscularUITests.xctest */;
			productType = "com.apple.product-type.bundle.ui-testing";
		};
/* End PBXNativeTarget section */

/* Begin PBXProject section */
		6AD56BB6214B9DBD005EE03E /* Project object */ = {
			isa = PBXProject;
			attributes = {
				LastSwiftUpdateCheck = 0940;
				LastUpgradeCheck = 0940;
				ORGANIZATIONNAME = "Yishai Basserabie";
				TargetAttributes = {
					6AD56BBD214B9DBD005EE03E = {
						CreatedOnToolsVersion = 9.4.1;
					};
					6AD56BD1214B9DBF005EE03E = {
						CreatedOnToolsVersion = 9.4.1;
						TestTargetID = 6AD56BBD214B9DBD005EE03E;
					};
					6AD56BDC214B9DBF005EE03E = {
						CreatedOnToolsVersion = 9.4.1;
						TestTargetID = 6AD56BBD214B9DBD005EE03E;
					};
				};
			};
			buildConfigurationList = 6AD56BB9214B9DBD005EE03E /* Build configuration list for PBXProject "crepuscular" */;
			compatibilityVersion = "Xcode 9.3";
			developmentRegion = en;
			hasScannedForEncodings = 0;
			knownRegions = (
				en,
				Base,
			);
			mainGroup = 6AD56BB5214B9DBD005EE03E;
			productRefGroup = 6AD56BBF214B9DBD005EE03E /* Products */;
			projectDirPath = "";
			projectRoot = "";
			targets = (
				6AD56BBD214B9DBD005EE03E /* crepuscular */,
				6AD56BD1214B9DBF005EE03E /* crepuscularTests */,
				6AD56BDC214B9DBF005EE03E /* crepuscularUITests */,
			);
		};
/* End PBXProject section */

/* Begin PBXResourcesBuildPhase section */
		6AD56BBC214B9DBD005EE03E /* Resources */ = {
			isa = PBXResourcesBuildPhase;
			buildActionMask = 2147483647;
			files = (
				6AD56BCC214B9DBF005EE03E /* LaunchScreen.storyboard in Resources */,
				6AD56BF0214BA3C0005EE03E /* GoogleService-Info.plist in Resources */,
				6AD56BC9214B9DBF005EE03E /* Assets.xcassets in Resources */,
				6AD56BC7214B9DBD005EE03E /* Main.storyboard in Resources */,
			);
			runOnlyForDeploymentPostprocessing = 0;
		};
		6AD56BD0214B9DBF005EE03E /* Resources */ = {
			isa = PBXResourcesBuildPhase;
			buildActionMask = 2147483647;
			files = (
			);
			runOnlyForDeploymentPostprocessing = 0;
		};
		6AD56BDB214B9DBF005EE03E /* Resources */ = {
			isa = PBXResourcesBuildPhase;
			buildActionMask = 2147483647;
			files = (
			);
			runOnlyForDeploymentPostprocessing = 0;
		};
/* End PBXResourcesBuildPhase section */

/* Begin PBXShellScriptBuildPhase section */
		050D90BA94CB99910E0C8A8A /* [CP] Copy Pods Resources */ = {
			isa = PBXShellScriptBuildPhase;
			buildActionMask = 2147483647;
			files = (
			);
			inputPaths = (
				"${SRCROOT}/Pods/Target Support Files/Pods-crepuscular/Pods-crepuscular-resources.sh",
				"${PODS_CONFIGURATION_BUILD_DIR}/FirebaseUI/FirebaseAuthUI.bundle",
				"${PODS_CONFIGURATION_BUILD_DIR}/FirebaseUI/FirebaseFacebookAuthUI.bundle",
				"${PODS_CONFIGURATION_BUILD_DIR}/FirebaseUI/FirebaseGoogleAuthUI.bundle",
				"${PODS_CONFIGURATION_BUILD_DIR}/FirebaseUI/FirebasePhoneAuthUI.bundle",
				"${PODS_CONFIGURATION_BUILD_DIR}/FirebaseUI/FirebaseTwitterAuthUI.bundle",
				"${PODS_ROOT}/GoogleSignIn/Resources/GoogleSignIn.bundle",
				"${PODS_ROOT}/TwitterKit/iOS/TwitterKit.framework/TwitterKitResources.bundle",
			);
			name = "[CP] Copy Pods Resources";
			outputPaths = (
				"${TARGET_BUILD_DIR}/${UNLOCALIZED_RESOURCES_FOLDER_PATH}/FirebaseAuthUI.bundle",
				"${TARGET_BUILD_DIR}/${UNLOCALIZED_RESOURCES_FOLDER_PATH}/FirebaseFacebookAuthUI.bundle",
				"${TARGET_BUILD_DIR}/${UNLOCALIZED_RESOURCES_FOLDER_PATH}/FirebaseGoogleAuthUI.bundle",
				"${TARGET_BUILD_DIR}/${UNLOCALIZED_RESOURCES_FOLDER_PATH}/FirebasePhoneAuthUI.bundle",
				"${TARGET_BUILD_DIR}/${UNLOCALIZED_RESOURCES_FOLDER_PATH}/FirebaseTwitterAuthUI.bundle",
				"${TARGET_BUILD_DIR}/${UNLOCALIZED_RESOURCES_FOLDER_PATH}/GoogleSignIn.bundle",
				"${TARGET_BUILD_DIR}/${UNLOCALIZED_RESOURCES_FOLDER_PATH}/TwitterKitResources.bundle",
			);
			runOnlyForDeploymentPostprocessing = 0;
			shellPath = /bin/sh;
			shellScript = "\"${SRCROOT}/Pods/Target Support Files/Pods-crepuscular/Pods-crepuscular-resources.sh\"\n";
			showEnvVarsInLog = 0;
		};
		3DD20B5915A08BA9B9E839B2 /* [CP] Embed Pods Frameworks */ = {
			isa = PBXShellScriptBuildPhase;
			buildActionMask = 2147483647;
			files = (
			);
			inputPaths = (
				"${SRCROOT}/Pods/Target Support Files/Pods-crepuscular/Pods-crepuscular-frameworks.sh",
				"${BUILT_PRODUCTS_DIR}/Bolts/Bolts.framework",
				"${BUILT_PRODUCTS_DIR}/BoringSSL/openssl.framework",
				"${BUILT_PRODUCTS_DIR}/FBSDKCoreKit/FBSDKCoreKit.framework",
				"${BUILT_PRODUCTS_DIR}/FBSDKLoginKit/FBSDKLoginKit.framework",
				"${BUILT_PRODUCTS_DIR}/GTMOAuth2/GTMOAuth2.framework",
				"${BUILT_PRODUCTS_DIR}/GTMSessionFetcher/GTMSessionFetcher.framework",
				"${BUILT_PRODUCTS_DIR}/GoogleToolboxForMac/GoogleToolboxForMac.framework",
				"${BUILT_PRODUCTS_DIR}/GoogleUtilities/GoogleUtilities.framework",
				"${BUILT_PRODUCTS_DIR}/Protobuf/Protobuf.framework",
				"${BUILT_PRODUCTS_DIR}/SDWebImage/SDWebImage.framework",
				"${PODS_ROOT}/TwitterCore/iOS/TwitterCore.framework",
				"${PODS_ROOT}/TwitterKit/iOS/TwitterKit.framework",
				"${BUILT_PRODUCTS_DIR}/gRPC/GRPCClient.framework",
				"${BUILT_PRODUCTS_DIR}/gRPC-Core/grpc.framework",
				"${BUILT_PRODUCTS_DIR}/gRPC-ProtoRPC/ProtoRPC.framework",
				"${BUILT_PRODUCTS_DIR}/gRPC-RxLibrary/RxLibrary.framework",
				"${BUILT_PRODUCTS_DIR}/leveldb-library/leveldb.framework",
				"${BUILT_PRODUCTS_DIR}/nanopb/nanopb.framework",
			);
			name = "[CP] Embed Pods Frameworks";
			outputPaths = (
				"${TARGET_BUILD_DIR}/${FRAMEWORKS_FOLDER_PATH}/Bolts.framework",
				"${TARGET_BUILD_DIR}/${FRAMEWORKS_FOLDER_PATH}/openssl.framework",
				"${TARGET_BUILD_DIR}/${FRAMEWORKS_FOLDER_PATH}/FBSDKCoreKit.framework",
				"${TARGET_BUILD_DIR}/${FRAMEWORKS_FOLDER_PATH}/FBSDKLoginKit.framework",
				"${TARGET_BUILD_DIR}/${FRAMEWORKS_FOLDER_PATH}/GTMOAuth2.framework",
				"${TARGET_BUILD_DIR}/${FRAMEWORKS_FOLDER_PATH}/GTMSessionFetcher.framework",
				"${TARGET_BUILD_DIR}/${FRAMEWORKS_FOLDER_PATH}/GoogleToolboxForMac.framework",
				"${TARGET_BUILD_DIR}/${FRAMEWORKS_FOLDER_PATH}/GoogleUtilities.framework",
				"${TARGET_BUILD_DIR}/${FRAMEWORKS_FOLDER_PATH}/Protobuf.framework",
				"${TARGET_BUILD_DIR}/${FRAMEWORKS_FOLDER_PATH}/SDWebImage.framework",
				"${TARGET_BUILD_DIR}/${FRAMEWORKS_FOLDER_PATH}/TwitterCore.framework",
				"${TARGET_BUILD_DIR}/${FRAMEWORKS_FOLDER_PATH}/TwitterKit.framework",
				"${TARGET_BUILD_DIR}/${FRAMEWORKS_FOLDER_PATH}/GRPCClient.framework",
				"${TARGET_BUILD_DIR}/${FRAMEWORKS_FOLDER_PATH}/grpc.framework",
				"${TARGET_BUILD_DIR}/${FRAMEWORKS_FOLDER_PATH}/ProtoRPC.framework",
				"${TARGET_BUILD_DIR}/${FRAMEWORKS_FOLDER_PATH}/RxLibrary.framework",
				"${TARGET_BUILD_DIR}/${FRAMEWORKS_FOLDER_PATH}/leveldb.framework",
				"${TARGET_BUILD_DIR}/${FRAMEWORKS_FOLDER_PATH}/nanopb.framework",
			);
			runOnlyForDeploymentPostprocessing = 0;
			shellPath = /bin/sh;
			shellScript = "\"${SRCROOT}/Pods/Target Support Files/Pods-crepuscular/Pods-crepuscular-frameworks.sh\"\n";
			showEnvVarsInLog = 0;
		};
		7695A68A577904BA11CCFCE7 /* [CP] Check Pods Manifest.lock */ = {
			isa = PBXShellScriptBuildPhase;
			buildActionMask = 2147483647;
			files = (
			);
			inputPaths = (
				"${PODS_PODFILE_DIR_PATH}/Podfile.lock",
				"${PODS_ROOT}/Manifest.lock",
			);
			name = "[CP] Check Pods Manifest.lock";
			outputPaths = (
				"$(DERIVED_FILE_DIR)/Pods-crepuscularUITests-checkManifestLockResult.txt",
			);
			runOnlyForDeploymentPostprocessing = 0;
			shellPath = /bin/sh;
			shellScript = "diff \"${PODS_PODFILE_DIR_PATH}/Podfile.lock\" \"${PODS_ROOT}/Manifest.lock\" > /dev/null\nif [ $? != 0 ] ; then\n    # print error to STDERR\n    echo \"error: The sandbox is not in sync with the Podfile.lock. Run 'pod install' or update your CocoaPods installation.\" >&2\n    exit 1\nfi\n# This output is used by Xcode 'outputs' to avoid re-running this script phase.\necho \"SUCCESS\" > \"${SCRIPT_OUTPUT_FILE_0}\"\n";
			showEnvVarsInLog = 0;
		};
		AC911AD20BD032CED9261A94 /* [CP] Check Pods Manifest.lock */ = {
			isa = PBXShellScriptBuildPhase;
			buildActionMask = 2147483647;
			files = (
			);
			inputPaths = (
				"${PODS_PODFILE_DIR_PATH}/Podfile.lock",
				"${PODS_ROOT}/Manifest.lock",
			);
			name = "[CP] Check Pods Manifest.lock";
			outputPaths = (
				"$(DERIVED_FILE_DIR)/Pods-crepuscular-checkManifestLockResult.txt",
			);
			runOnlyForDeploymentPostprocessing = 0;
			shellPath = /bin/sh;
			shellScript = "diff \"${PODS_PODFILE_DIR_PATH}/Podfile.lock\" \"${PODS_ROOT}/Manifest.lock\" > /dev/null\nif [ $? != 0 ] ; then\n    # print error to STDERR\n    echo \"error: The sandbox is not in sync with the Podfile.lock. Run 'pod install' or update your CocoaPods installation.\" >&2\n    exit 1\nfi\n# This output is used by Xcode 'outputs' to avoid re-running this script phase.\necho \"SUCCESS\" > \"${SCRIPT_OUTPUT_FILE_0}\"\n";
			showEnvVarsInLog = 0;
		};
		E0D242925339B83C633AB94E /* [CP] Check Pods Manifest.lock */ = {
			isa = PBXShellScriptBuildPhase;
			buildActionMask = 2147483647;
			files = (
			);
			inputPaths = (
				"${PODS_PODFILE_DIR_PATH}/Podfile.lock",
				"${PODS_ROOT}/Manifest.lock",
			);
			name = "[CP] Check Pods Manifest.lock";
			outputPaths = (
				"$(DERIVED_FILE_DIR)/Pods-crepuscularTests-checkManifestLockResult.txt",
			);
			runOnlyForDeploymentPostprocessing = 0;
			shellPath = /bin/sh;
			shellScript = "diff \"${PODS_PODFILE_DIR_PATH}/Podfile.lock\" \"${PODS_ROOT}/Manifest.lock\" > /dev/null\nif [ $? != 0 ] ; then\n    # print error to STDERR\n    echo \"error: The sandbox is not in sync with the Podfile.lock. Run 'pod install' or update your CocoaPods installation.\" >&2\n    exit 1\nfi\n# This output is used by Xcode 'outputs' to avoid re-running this script phase.\necho \"SUCCESS\" > \"${SCRIPT_OUTPUT_FILE_0}\"\n";
			showEnvVarsInLog = 0;
		};
/* End PBXShellScriptBuildPhase section */

/* Begin PBXSourcesBuildPhase section */
		6AD56BBA214B9DBD005EE03E /* Sources */ = {
			isa = PBXSourcesBuildPhase;
			buildActionMask = 2147483647;
			files = (
				6AD56BF2214BB117005EE03E /* signInViewController.swift in Sources */,
				6AD56BF4214BD434005EE03E /* setTimeViewController.swift in Sources */,
				6AD56BC2214B9DBD005EE03E /* AppDelegate.swift in Sources */,
			);
			runOnlyForDeploymentPostprocessing = 0;
		};
		6AD56BCE214B9DBF005EE03E /* Sources */ = {
			isa = PBXSourcesBuildPhase;
			buildActionMask = 2147483647;
			files = (
				6AD56BD7214B9DBF005EE03E /* crepuscularTests.swift in Sources */,
			);
			runOnlyForDeploymentPostprocessing = 0;
		};
		6AD56BD9214B9DBF005EE03E /* Sources */ = {
			isa = PBXSourcesBuildPhase;
			buildActionMask = 2147483647;
			files = (
				6AD56BE2214B9DBF005EE03E /* crepuscularUITests.swift in Sources */,
			);
			runOnlyForDeploymentPostprocessing = 0;
		};
/* End PBXSourcesBuildPhase section */

/* Begin PBXTargetDependency section */
		6AD56BD4214B9DBF005EE03E /* PBXTargetDependency */ = {
			isa = PBXTargetDependency;
			target = 6AD56BBD214B9DBD005EE03E /* crepuscular */;
			targetProxy = 6AD56BD3214B9DBF005EE03E /* PBXContainerItemProxy */;
		};
		6AD56BDF214B9DBF005EE03E /* PBXTargetDependency */ = {
			isa = PBXTargetDependency;
			target = 6AD56BBD214B9DBD005EE03E /* crepuscular */;
			targetProxy = 6AD56BDE214B9DBF005EE03E /* PBXContainerItemProxy */;
		};
/* End PBXTargetDependency section */

/* Begin PBXVariantGroup section */
		6AD56BC5214B9DBD005EE03E /* Main.storyboard */ = {
			isa = PBXVariantGroup;
			children = (
				6AD56BC6214B9DBD005EE03E /* Base */,
			);
			name = Main.storyboard;
			sourceTree = "<group>";
		};
		6AD56BCA214B9DBF005EE03E /* LaunchScreen.storyboard */ = {
			isa = PBXVariantGroup;
			children = (
				6AD56BCB214B9DBF005EE03E /* Base */,
			);
			name = LaunchScreen.storyboard;
			sourceTree = "<group>";
		};
/* End PBXVariantGroup section */

/* Begin XCBuildConfiguration section */
		6AD56BE4214B9DBF005EE03E /* Debug */ = {
			isa = XCBuildConfiguration;
			buildSettings = {
				ALWAYS_SEARCH_USER_PATHS = NO;
				CLANG_ANALYZER_NONNULL = YES;
				CLANG_ANALYZER_NUMBER_OBJECT_CONVERSION = YES_AGGRESSIVE;
				CLANG_CXX_LANGUAGE_STANDARD = "gnu++14";
				CLANG_CXX_LIBRARY = "libc++";
				CLANG_ENABLE_MODULES = YES;
				CLANG_ENABLE_OBJC_ARC = YES;
				CLANG_ENABLE_OBJC_WEAK = YES;
				CLANG_WARN_BLOCK_CAPTURE_AUTORELEASING = YES;
				CLANG_WARN_BOOL_CONVERSION = YES;
				CLANG_WARN_COMMA = YES;
				CLANG_WARN_CONSTANT_CONVERSION = YES;
				CLANG_WARN_DEPRECATED_OBJC_IMPLEMENTATIONS = YES;
				CLANG_WARN_DIRECT_OBJC_ISA_USAGE = YES_ERROR;
				CLANG_WARN_DOCUMENTATION_COMMENTS = YES;
				CLANG_WARN_EMPTY_BODY = YES;
				CLANG_WARN_ENUM_CONVERSION = YES;
				CLANG_WARN_INFINITE_RECURSION = YES;
				CLANG_WARN_INT_CONVERSION = YES;
				CLANG_WARN_NON_LITERAL_NULL_CONVERSION = YES;
				CLANG_WARN_OBJC_IMPLICIT_RETAIN_SELF = YES;
				CLANG_WARN_OBJC_LITERAL_CONVERSION = YES;
				CLANG_WARN_OBJC_ROOT_CLASS = YES_ERROR;
				CLANG_WARN_RANGE_LOOP_ANALYSIS = YES;
				CLANG_WARN_STRICT_PROTOTYPES = YES;
				CLANG_WARN_SUSPICIOUS_MOVE = YES;
				CLANG_WARN_UNGUARDED_AVAILABILITY = YES_AGGRESSIVE;
				CLANG_WARN_UNREACHABLE_CODE = YES;
				CLANG_WARN__DUPLICATE_METHOD_MATCH = YES;
				CODE_SIGN_IDENTITY = "iPhone Developer";
				COPY_PHASE_STRIP = NO;
				DEBUG_INFORMATION_FORMAT = dwarf;
				ENABLE_STRICT_OBJC_MSGSEND = YES;
				ENABLE_TESTABILITY = YES;
				GCC_C_LANGUAGE_STANDARD = gnu11;
				GCC_DYNAMIC_NO_PIC = NO;
				GCC_NO_COMMON_BLOCKS = YES;
				GCC_OPTIMIZATION_LEVEL = 0;
				GCC_PREPROCESSOR_DEFINITIONS = (
					"DEBUG=1",
					"$(inherited)",
				);
				GCC_WARN_64_TO_32_BIT_CONVERSION = YES;
				GCC_WARN_ABOUT_RETURN_TYPE = YES_ERROR;
				GCC_WARN_UNDECLARED_SELECTOR = YES;
				GCC_WARN_UNINITIALIZED_AUTOS = YES_AGGRESSIVE;
				GCC_WARN_UNUSED_FUNCTION = YES;
				GCC_WARN_UNUSED_VARIABLE = YES;
				IPHONEOS_DEPLOYMENT_TARGET = 11.4;
				MTL_ENABLE_DEBUG_INFO = YES;
				ONLY_ACTIVE_ARCH = YES;
				SDKROOT = iphoneos;
				SWIFT_ACTIVE_COMPILATION_CONDITIONS = DEBUG;
				SWIFT_OPTIMIZATION_LEVEL = "-Onone";
			};
			name = Debug;
		};
		6AD56BE5214B9DBF005EE03E /* Release */ = {
			isa = XCBuildConfiguration;
			buildSettings = {
				ALWAYS_SEARCH_USER_PATHS = NO;
				CLANG_ANALYZER_NONNULL = YES;
				CLANG_ANALYZER_NUMBER_OBJECT_CONVERSION = YES_AGGRESSIVE;
				CLANG_CXX_LANGUAGE_STANDARD = "gnu++14";
				CLANG_CXX_LIBRARY = "libc++";
				CLANG_ENABLE_MODULES = YES;
				CLANG_ENABLE_OBJC_ARC = YES;
				CLANG_ENABLE_OBJC_WEAK = YES;
				CLANG_WARN_BLOCK_CAPTURE_AUTORELEASING = YES;
				CLANG_WARN_BOOL_CONVERSION = YES;
				CLANG_WARN_COMMA = YES;
				CLANG_WARN_CONSTANT_CONVERSION = YES;
				CLANG_WARN_DEPRECATED_OBJC_IMPLEMENTATIONS = YES;
				CLANG_WARN_DIRECT_OBJC_ISA_USAGE = YES_ERROR;
				CLANG_WARN_DOCUMENTATION_COMMENTS = YES;
				CLANG_WARN_EMPTY_BODY = YES;
				CLANG_WARN_ENUM_CONVERSION = YES;
				CLANG_WARN_INFINITE_RECURSION = YES;
				CLANG_WARN_INT_CONVERSION = YES;
				CLANG_WARN_NON_LITERAL_NULL_CONVERSION = YES;
				CLANG_WARN_OBJC_IMPLICIT_RETAIN_SELF = YES;
				CLANG_WARN_OBJC_LITERAL_CONVERSION = YES;
				CLANG_WARN_OBJC_ROOT_CLASS = YES_ERROR;
				CLANG_WARN_RANGE_LOOP_ANALYSIS = YES;
				CLANG_WARN_STRICT_PROTOTYPES = YES;
				CLANG_WARN_SUSPICIOUS_MOVE = YES;
				CLANG_WARN_UNGUARDED_AVAILABILITY = YES_AGGRESSIVE;
				CLANG_WARN_UNREACHABLE_CODE = YES;
				CLANG_WARN__DUPLICATE_METHOD_MATCH = YES;
				CODE_SIGN_IDENTITY = "iPhone Developer";
				COPY_PHASE_STRIP = NO;
				DEBUG_INFORMATION_FORMAT = "dwarf-with-dsym";
				ENABLE_NS_ASSERTIONS = NO;
				ENABLE_STRICT_OBJC_MSGSEND = YES;
				GCC_C_LANGUAGE_STANDARD = gnu11;
				GCC_NO_COMMON_BLOCKS = YES;
				GCC_WARN_64_TO_32_BIT_CONVERSION = YES;
				GCC_WARN_ABOUT_RETURN_TYPE = YES_ERROR;
				GCC_WARN_UNDECLARED_SELECTOR = YES;
				GCC_WARN_UNINITIALIZED_AUTOS = YES_AGGRESSIVE;
				GCC_WARN_UNUSED_FUNCTION = YES;
				GCC_WARN_UNUSED_VARIABLE = YES;
				IPHONEOS_DEPLOYMENT_TARGET = 11.4;
				MTL_ENABLE_DEBUG_INFO = NO;
				SDKROOT = iphoneos;
				SWIFT_COMPILATION_MODE = wholemodule;
				SWIFT_OPTIMIZATION_LEVEL = "-O";
				VALIDATE_PRODUCT = YES;
			};
			name = Release;
		};
		6AD56BE7214B9DBF005EE03E /* Debug */ = {
			isa = XCBuildConfiguration;
			baseConfigurationReference = AB2BB7299AF95F38DEFEF4DD /* Pods-crepuscular.debug.xcconfig */;
			buildSettings = {
				ASSETCATALOG_COMPILER_APPICON_NAME = AppIcon;
				CODE_SIGN_STYLE = Automatic;
				DEVELOPMENT_TEAM = 6B4M8TCN3L;
				INFOPLIST_FILE = crepuscular/Info.plist;
				LD_RUNPATH_SEARCH_PATHS = (
					"$(inherited)",
					"@executable_path/Frameworks",
				);
				PRODUCT_BUNDLE_IDENTIFIER = com.noStress.crepuscular;
				PRODUCT_NAME = "$(TARGET_NAME)";
				SWIFT_VERSION = 4.0;
				TARGETED_DEVICE_FAMILY = "1,2";
			};
			name = Debug;
		};
		6AD56BE8214B9DBF005EE03E /* Release */ = {
			isa = XCBuildConfiguration;
			baseConfigurationReference = DF63E01D4B811DF5E8E1542C /* Pods-crepuscular.release.xcconfig */;
			buildSettings = {
				ASSETCATALOG_COMPILER_APPICON_NAME = AppIcon;
				CODE_SIGN_STYLE = Automatic;
				DEVELOPMENT_TEAM = 6B4M8TCN3L;
				INFOPLIST_FILE = crepuscular/Info.plist;
				LD_RUNPATH_SEARCH_PATHS = (
					"$(inherited)",
					"@executable_path/Frameworks",
				);
				PRODUCT_BUNDLE_IDENTIFIER = com.noStress.crepuscular;
				PRODUCT_NAME = "$(TARGET_NAME)";
				SWIFT_VERSION = 4.0;
				TARGETED_DEVICE_FAMILY = "1,2";
			};
			name = Release;
		};
		6AD56BEA214B9DBF005EE03E /* Debug */ = {
			isa = XCBuildConfiguration;
			baseConfigurationReference = 0F34DD99022E5BB074D4262A /* Pods-crepuscularTests.debug.xcconfig */;
			buildSettings = {
				ALWAYS_EMBED_SWIFT_STANDARD_LIBRARIES = YES;
				BUNDLE_LOADER = "$(TEST_HOST)";
				CODE_SIGN_STYLE = Automatic;
				INFOPLIST_FILE = crepuscularTests/Info.plist;
				LD_RUNPATH_SEARCH_PATHS = (
					"$(inherited)",
					"@executable_path/Frameworks",
					"@loader_path/Frameworks",
				);
				PRODUCT_BUNDLE_IDENTIFIER = com.noStress.crepuscularTests;
				PRODUCT_NAME = "$(TARGET_NAME)";
				SWIFT_VERSION = 4.0;
				TARGETED_DEVICE_FAMILY = "1,2";
				TEST_HOST = "$(BUILT_PRODUCTS_DIR)/crepuscular.app/crepuscular";
			};
			name = Debug;
		};
		6AD56BEB214B9DBF005EE03E /* Release */ = {
			isa = XCBuildConfiguration;
			baseConfigurationReference = A63EFCEFA82FFC97F20E8FAB /* Pods-crepuscularTests.release.xcconfig */;
			buildSettings = {
				ALWAYS_EMBED_SWIFT_STANDARD_LIBRARIES = YES;
				BUNDLE_LOADER = "$(TEST_HOST)";
				CODE_SIGN_STYLE = Automatic;
				INFOPLIST_FILE = crepuscularTests/Info.plist;
				LD_RUNPATH_SEARCH_PATHS = (
					"$(inherited)",
					"@executable_path/Frameworks",
					"@loader_path/Frameworks",
				);
				PRODUCT_BUNDLE_IDENTIFIER = com.noStress.crepuscularTests;
				PRODUCT_NAME = "$(TARGET_NAME)";
				SWIFT_VERSION = 4.0;
				TARGETED_DEVICE_FAMILY = "1,2";
				TEST_HOST = "$(BUILT_PRODUCTS_DIR)/crepuscular.app/crepuscular";
			};
			name = Release;
		};
		6AD56BED214B9DBF005EE03E /* Debug */ = {
			isa = XCBuildConfiguration;
			baseConfigurationReference = FC859EB2A2DCCA6AB68472A5 /* Pods-crepuscularUITests.debug.xcconfig */;
			buildSettings = {
				ALWAYS_EMBED_SWIFT_STANDARD_LIBRARIES = YES;
				CODE_SIGN_STYLE = Automatic;
				INFOPLIST_FILE = crepuscularUITests/Info.plist;
				LD_RUNPATH_SEARCH_PATHS = (
					"$(inherited)",
					"@executable_path/Frameworks",
					"@loader_path/Frameworks",
				);
				PRODUCT_BUNDLE_IDENTIFIER = com.noStress.crepuscularUITests;
				PRODUCT_NAME = "$(TARGET_NAME)";
				SWIFT_VERSION = 4.0;
				TARGETED_DEVICE_FAMILY = "1,2";
				TEST_TARGET_NAME = crepuscular;
			};
			name = Debug;
		};
		6AD56BEE214B9DBF005EE03E /* Release */ = {
			isa = XCBuildConfiguration;
			baseConfigurationReference = CC1700553D6C20B818D193B2 /* Pods-crepuscularUITests.release.xcconfig */;
			buildSettings = {
				ALWAYS_EMBED_SWIFT_STANDARD_LIBRARIES = YES;
				CODE_SIGN_STYLE = Automatic;
				INFOPLIST_FILE = crepuscularUITests/Info.plist;
				LD_RUNPATH_SEARCH_PATHS = (
					"$(inherited)",
					"@executable_path/Frameworks",
					"@loader_path/Frameworks",
				);
				PRODUCT_BUNDLE_IDENTIFIER = com.noStress.crepuscularUITests;
				PRODUCT_NAME = "$(TARGET_NAME)";
				SWIFT_VERSION = 4.0;
				TARGETED_DEVICE_FAMILY = "1,2";
				TEST_TARGET_NAME = crepuscular;
			};
			name = Release;
		};
/* End XCBuildConfiguration section */

/* Begin XCConfigurationList section */
		6AD56BB9214B9DBD005EE03E /* Build configuration list for PBXProject "crepuscular" */ = {
			isa = XCConfigurationList;
			buildConfigurations = (
				6AD56BE4214B9DBF005EE03E /* Debug */,
				6AD56BE5214B9DBF005EE03E /* Release */,
			);
			defaultConfigurationIsVisible = 0;
			defaultConfigurationName = Release;
		};
		6AD56BE6214B9DBF005EE03E /* Build configuration list for PBXNativeTarget "crepuscular" */ = {
			isa = XCConfigurationList;
			buildConfigurations = (
				6AD56BE7214B9DBF005EE03E /* Debug */,
				6AD56BE8214B9DBF005EE03E /* Release */,
			);
			defaultConfigurationIsVisible = 0;
			defaultConfigurationName = Release;
		};
		6AD56BE9214B9DBF005EE03E /* Build configuration list for PBXNativeTarget "crepuscularTests" */ = {
			isa = XCConfigurationList;
			buildConfigurations = (
				6AD56BEA214B9DBF005EE03E /* Debug */,
				6AD56BEB214B9DBF005EE03E /* Release */,
			);
			defaultConfigurationIsVisible = 0;
			defaultConfigurationName = Release;
		};
		6AD56BEC214B9DBF005EE03E /* Build configuration list for PBXNativeTarget "crepuscularUITests" */ = {
			isa = XCConfigurationList;
			buildConfigurations = (
				6AD56BED214B9DBF005EE03E /* Debug */,
				6AD56BEE214B9DBF005EE03E /* Release */,
			);
			defaultConfigurationIsVisible = 0;
			defaultConfigurationName = Release;
		};
/* End XCConfigurationList section */
	};
	rootObject = 6AD56BB6214B9DBD005EE03E /* Project object */;
}
